
Microsoft Visual Studio Solution File, Format Version 12.00
# Visual Studio Version 17
VisualStudioVersion = 17.13.35818.85
MinimumVisualStudioVersion = 10.0.40219.1
Project("{FAE04EC0-301F-11D3-BF4B-00C04F79EFBC}") = "DiamondzWinForms", "winforms\diamondz-winformsapp\DiamondzWinForms.csproj", "{6B2C42FB-E4B5-0A4E-1FC6-EAC82685EAFB}"
EndProject
Global
	GlobalSection(SolutionConfigurationPlatforms) = preSolution
		Debug|Any CPU = Debug|Any CPU
		Release|Any CPU = Release|Any CPU
	EndGlobalSection
	GlobalSection(ProjectConfigurationPlatforms) = postSolution
		{6B2C42FB-E4B5-0A4E-1FC6-EAC82685EAFB}.Debug|Any CPU.ActiveCfg = Debug|Any CPU
		{6B2C42FB-E4B5-0A4E-1FC6-EAC82685EAFB}.Debug|Any CPU.Build.0 = Debug|Any CPU
		{6B2C42FB-E4B5-0A4E-1FC6-EAC82685EAFB}.Release|Any CPU.ActiveCfg = Release|Any CPU
		{6B2C42FB-E4B5-0A4E-1FC6-EAC82685EAFB}.Release|Any CPU.Build.0 = Release|Any CPU
	EndGlobalSection
	GlobalSection(SolutionProperties) = preSolution
		HideSolutionNode = FALSE
	EndGlobalSection
	GlobalSection(ExtensibilityGlobals) = postSolution
		SolutionGuid = {7A0C7AC5-4169-40D5-ACC1-77094FC801C3}
	EndGlobalSection
EndGlobal
